<?xml version="1.0" encoding="utf-8"?>
<Project ToolsVersion="4.0" xmlns="http://schemas.microsoft.com/developer/msbuild/2003">
  <ItemGroup>
    <Filter Include="Source Files">
      <UniqueIdentifier>{4FC737F1-C7A5-4376-A066-2A32D752A2FF}</UniqueIdentifier>
      <Extensions>cpp;c;cc;cxx;def;odl;idl;hpj;bat;asm;asmx</Extensions>
    </Filter>
    <Filter Include="Header Files">
      <UniqueIdentifier>{93995380-89BD-4b04-88EB-625FBE52EBFB}</UniqueIdentifier>
      <Extensions>h;hpp;hxx;hm;inl;inc;xsd</Extensions>
    </Filter>
    <Filter Include="Resource Files">
      <UniqueIdentifier>{67DA6AB6-F800-4c08-8B7A-83BB121AAD01}</UniqueIdentifier>
      <Extensions>rc;ico;cur;bmp;dlg;rc2;rct;bin;rgs;gif;jpg;jpeg;jpe;resx;tiff;tif;png;wav;mfcribbon-ms</Extensions>
    </Filter>
    <Filter Include="Sounds">
      <UniqueIdentifier>{d39c9101-6a55-409b-98f3-6d85cba2e871}</UniqueIdentifier>
    </Filter>
  </ItemGroup>
  <ItemGroup>
    <Text Include="ReadMe.txt" />
  </ItemGroup>
  <ItemGroup>
    <ClInclude Include="stdafx.h">
      <Filter>Header Files</Filter>
    </ClInclude>
    <ClInclude Include="targetver.h">
      <Filter>Header Files</Filter>
    </ClInclude>
    <ClInclude Include="Resource.h">
      <Filter>Header Files</Filter>
    </ClInclude>
    <ClInclude Include="clsPlaySound.h">
      <Filter>Sounds</Filter>
    </ClInclude>
    <ClInclude Include="soundStart.h">
      <Filter>Sounds</Filter>
    </ClInclude>
    <ClInclude Include="VoiceCallBack.h">
      <Filter>Sounds</Filter>
    </ClInclude>
    <ClInclude Include="TheMaze.h">
      <Filter>Header Files</Filter>
    </ClInclude>
    <ClInclude Include="clsParent.h">
      <Filter>Header Files</Filter>
    </ClInclude>
    <ClInclude Include="clsWall.h">
      <Filter>Header Files</Filter>
    </ClInclude>
    <ClInclude Include="clsBird.h">
      <Filter>Header Files</Filter>
    </ClInclude>
    <ClInclude Include="clsPlayer.h">
      <Filter>Header Files</Filter>
    </ClInclude>
  </ItemGroup>
  <ItemGroup>
    <ClCompile Include="stdafx.cpp">
      <Filter>Source Files</Filter>
    </ClCompile>
    <ClCompile Include="soundStart.cpp">
      <Filter>Sounds</Filter>
    </ClCompile>
    <ClCompile Include="clsPlaySound.cpp">
      <Filter>Sounds</Filter>
    </ClCompile>
    <ClCompile Include="TheMaze.cpp">
      <Filter>Source Files</Filter>
    </ClCompile>
    <ClCompile Include="clsParent.cpp">
      <Filter>Source Files</Filter>
    </ClCompile>
    <ClCompile Include="clsWall.cpp">
      <Filter>Source Files</Filter>
    </ClCompile>
    <ClCompile Include="clsBird.cpp">
      <Filter>Source Files</Filter>
    </ClCompile>
    <ClCompile Include="clsPlayer.cpp">
      <Filter>Source Files</Filter>
    </ClCompile>
  </ItemGroup>
  <ItemGroup>
    <ResourceCompile Include="GameBuilder.rc">
      <Filter>Resource Files</Filter>
    </ResourceCompile>
  </ItemGroup>
  <ItemGroup>
    <Image Include="small.ico">
      <Filter>Resource Files</Filter>
    </Image>
    <Image Include="GameBuilder.ico">
      <Filter>Resource Files</Filter>
    </Image>
  </ItemGroup>
</Project>